{
  "name": "docs",
  "version": "1.0.0",
  "lockfileVersion": 1,
  "requires": true,
  "dependencies": {
    "uuid": {
      "version": "3.1.0",
      "resolved": "https://registry.npmjs.org/uuid/-/uuid-3.1.0.tgz",
      "integrity": "sha512-DIWtzUkw04M4k3bf1IcpS2tngXEL26YUD2M0tMDUpnUrz2hgzUBlD55a4FjdLGPvfHxS6uluGWvaVEqgBcVa+g=="
    },
    "vue-smart-validator": {
      "version": "0.5.0",
      "resolved": "https://registry.npmjs.org/vue-smart-validator/-/vue-smart-validator-0.5.0.tgz",
      "integrity": "sha512-M1L9bN+T9GOHhBBDkE4njQN9HeDBnHFGb9CKQBrL7lpuSRqFYp1v5lyy2rt1CjGNfNYnJaDQWN6yVw/0WFidNA==",
      "requires": {
        "uuid": "3.1.0"
      }
    }
  }
}
